// !$*UTF8*$!
{
	archiveVersion = 1;
	classes = {
	};
	objectVersion = 50;
	objects = {

/* Begin PBXBuildFile section */
		7FBFFA97260A5C9700F5D011 /* Tests_iOS.swift in Sources */ = {isa = PBXBuildFile; fileRef = 7FBFFA96260A5C9700F5D011 /* Tests_iOS.swift */; };
		7FBFFAA2260A5C9700F5D011 /* Tests_macOS.swift in Sources */ = {isa = PBXBuildFile; fileRef = 7FBFFAA1260A5C9700F5D011 /* Tests_macOS.swift */; };
		7FBFFAA4260A5C9700F5D011 /* quantumMatricesApp.swift in Sources */ = {isa = PBXBuildFile; fileRef = 7FBFFA7B260A5C9500F5D011 /* quantumMatricesApp.swift */; };
		7FBFFAA5260A5C9700F5D011 /* quantumMatricesApp.swift in Sources */ = {isa = PBXBuildFile; fileRef = 7FBFFA7B260A5C9500F5D011 /* quantumMatricesApp.swift */; };
		7FBFFAA6260A5C9700F5D011 /* ContentView.swift in Sources */ = {isa = PBXBuildFile; fileRef = 7FBFFA7C260A5C9500F5D011 /* ContentView.swift */; };
		7FBFFAA7260A5C9700F5D011 /* ContentView.swift in Sources */ = {isa = PBXBuildFile; fileRef = 7FBFFA7C260A5C9500F5D011 /* ContentView.swift */; };
		7FBFFAA8260A5C9700F5D011 /* Assets.xcassets in Resources */ = {isa = PBXBuildFile; fileRef = 7FBFFA7D260A5C9600F5D011 /* Assets.xcassets */; };
		7FBFFAA9260A5C9700F5D011 /* Assets.xcassets in Resources */ = {isa = PBXBuildFile; fileRef = 7FBFFA7D260A5C9600F5D011 /* Assets.xcassets */; };
		7FBFFABE260A5CD800F5D011 /* Accelerate.framework in Frameworks */ = {isa = PBXBuildFile; fileRef = 7FBFFABD260A5CD800F5D011 /* Accelerate.framework */; };
		7FBFFAC0260A5CE300F5D011 /* Accelerate.framework in Frameworks */ = {isa = PBXBuildFile; fileRef = 7FBFFABF260A5CE300F5D011 /* Accelerate.framework */; };
		7FBFFAC6260A5D4100F5D011 /* packingClass.swift in Sources */ = {isa = PBXBuildFile; fileRef = 7FBFFAC5260A5D4100F5D011 /* packingClass.swift */; };
		7FBFFAC7260A5D4100F5D011 /* packingClass.swift in Sources */ = {isa = PBXBuildFile; fileRef = 7FBFFAC5260A5D4100F5D011 /* packingClass.swift */; };
		7FBFFAC8260A5D4100F5D011 /* packingClass.swift in Sources */ = {isa = PBXBuildFile; fileRef = 7FBFFAC5260A5D4100F5D011 /* packingClass.swift */; };
		7FBFFAC9260A5D4100F5D011 /* packingClass.swift in Sources */ = {isa = PBXBuildFile; fileRef = 7FBFFAC5260A5D4100F5D011 /* packingClass.swift */; };
		7FBFFACE260A5E3B00F5D011 /* ContentView.swift in Sources */ = {isa = PBXBuildFile; fileRef = 7FBFFA7C260A5C9500F5D011 /* ContentView.swift */; };
		7FBFFAD3260A5E3C00F5D011 /* ContentView.swift in Sources */ = {isa = PBXBuildFile; fileRef = 7FBFFA7C260A5C9500F5D011 /* ContentView.swift */; };
		7FBFFAD8260A5E4900F5D011 /* quantumMatricesApp.swift in Sources */ = {isa = PBXBuildFile; fileRef = 7FBFFA7B260A5C9500F5D011 /* quantumMatricesApp.swift */; };
		7FBFFADD260A5E4900F5D011 /* quantumMatricesApp.swift in Sources */ = {isa = PBXBuildFile; fileRef = 7FBFFA7B260A5C9500F5D011 /* quantumMatricesApp.swift */; };
/* End PBXBuildFile section */

/* Begin PBXContainerItemProxy section */
		7FBFFA93260A5C9700F5D011 /* PBXContainerItemProxy */ = {
			isa = PBXContainerItemProxy;
			containerPortal = 7FBFFA76260A5C9400F5D011 /* Project object */;
			proxyType = 1;
			remoteGlobalIDString = 7FBFFA81260A5C9600F5D011;
			remoteInfo = "quantumMatrices (iOS)";
		};
		7FBFFA9E260A5C9700F5D011 /* PBXContainerItemProxy */ = {
			isa = PBXContainerItemProxy;
			containerPortal = 7FBFFA76260A5C9400F5D011 /* Project object */;
			proxyType = 1;
			remoteGlobalIDString = 7FBFFA89260A5C9600F5D011;
			remoteInfo = "quantumMatrices (macOS)";
		};
/* End PBXContainerItemProxy section */

/* Begin PBXFileReference section */
		7FBFFA7B260A5C9500F5D011 /* quantumMatricesApp.swift */ = {isa = PBXFileReference; lastKnownFileType = sourcecode.swift; path = quantumMatricesApp.swift; sourceTree = "<group>"; };
		7FBFFA7C260A5C9500F5D011 /* ContentView.swift */ = {isa = PBXFileReference; lastKnownFileType = sourcecode.swift; path = ContentView.swift; sourceTree = "<group>"; };
		7FBFFA7D260A5C9600F5D011 /* Assets.xcassets */ = {isa = PBXFileReference; lastKnownFileType = folder.assetcatalog; path = Assets.xcassets; sourceTree = "<group>"; };
		7FBFFA82260A5C9600F5D011 /* quantumMatrices.app */ = {isa = PBXFileReference; explicitFileType = wrapper.application; includeInIndex = 0; path = quantumMatrices.app; sourceTree = BUILT_PRODUCTS_DIR; };
		7FBFFA85260A5C9600F5D011 /* Info.plist */ = {isa = PBXFileReference; lastKnownFileType = text.plist.xml; path = Info.plist; sourceTree = "<group>"; };
		7FBFFA8A260A5C9600F5D011 /* quantumMatrices.app */ = {isa = PBXFileReference; explicitFileType = wrapper.application; includeInIndex = 0; path = quantumMatrices.app; sourceTree = BUILT_PRODUCTS_DIR; };
		7FBFFA8C260A5C9600F5D011 /* Info.plist */ = {isa = PBXFileReference; lastKnownFileType = text.plist.xml; path = Info.plist; sourceTree = "<group>"; };
		7FBFFA8D260A5C9600F5D011 /* macOS.entitlements */ = {isa = PBXFileReference; lastKnownFileType = text.plist.entitlements; path = macOS.entitlements; sourceTree = "<group>"; };
		7FBFFA92260A5C9700F5D011 /* Tests iOS.xctest */ = {isa = PBXFileReference; explicitFileType = wrapper.cfbundle; includeInIndex = 0; path = "Tests iOS.xctest"; sourceTree = BUILT_PRODUCTS_DIR; };
		7FBFFA96260A5C9700F5D011 /* Tests_iOS.swift */ = {isa = PBXFileReference; lastKnownFileType = sourcecode.swift; path = Tests_iOS.swift; sourceTree = "<group>"; };
		7FBFFA98260A5C9700F5D011 /* Info.plist */ = {isa = PBXFileReference; lastKnownFileType = text.plist.xml; path = Info.plist; sourceTree = "<group>"; };
		7FBFFA9D260A5C9700F5D011 /* Tests macOS.xctest */ = {isa = PBXFileReference; explicitFileType = wrapper.cfbundle; includeInIndex = 0; path = "Tests macOS.xctest"; sourceTree = BUILT_PRODUCTS_DIR; };
		7FBFFAA1260A5C9700F5D011 /* Tests_macOS.swift */ = {isa = PBXFileReference; lastKnownFileType = sourcecode.swift; path = Tests_macOS.swift; sourceTree = "<group>"; };
		7FBFFAA3260A5C9700F5D011 /* Info.plist */ = {isa = PBXFileReference; lastKnownFileType = text.plist.xml; path = Info.plist; sourceTree = "<group>"; };
		7FBFFABD260A5CD800F5D011 /* Accelerate.framework */ = {isa = PBXFileReference; lastKnownFileType = wrapper.framework; name = Accelerate.framework; path = Platforms/iPhoneOS.platform/Developer/SDKs/iPhoneOS14.4.sdk/System/Library/Frameworks/Accelerate.framework; sourceTree = DEVELOPER_DIR; };
		7FBFFABF260A5CE300F5D011 /* Accelerate.framework */ = {isa = PBXFileReference; lastKnownFileType = wrapper.framework; name = Accelerate.framework; path = System/Library/Frameworks/Accelerate.framework; sourceTree = SDKROOT; };
		7FBFFAC5260A5D4100F5D011 /* packingClass.swift */ = {isa = PBXFileReference; lastKnownFileType = sourcecode.swift; path = packingClass.swift; sourceTree = "<group>"; };
/* End PBXFileReference section */

/* Begin PBXFrameworksBuildPhase section */
		7FBFFA7F260A5C9600F5D011 /* Frameworks */ = {
			isa = PBXFrameworksBuildPhase;
			buildActionMask = 2147483647;
			files = (
				7FBFFABE260A5CD800F5D011 /* Accelerate.framework in Frameworks */,
			);
			runOnlyForDeploymentPostprocessing = 0;
		};
		7FBFFA87260A5C9600F5D011 /* Frameworks */ = {
			isa = PBXFrameworksBuildPhase;
			buildActionMask = 2147483647;
			files = (
				7FBFFAC0260A5CE300F5D011 /* Accelerate.framework in Frameworks */,
			);
			runOnlyForDeploymentPostprocessing = 0;
		};
		7FBFFA8F260A5C9700F5D011 /* Frameworks */ = {
			isa = PBXFrameworksBuildPhase;
			buildActionMask = 2147483647;
			files = (
			);
			runOnlyForDeploymentPostprocessing = 0;
		};
		7FBFFA9A260A5C9700F5D011 /* Frameworks */ = {
			isa = PBXFrameworksBuildPhase;
			buildActionMask = 2147483647;
			files = (
			);
			runOnlyForDeploymentPostprocessing = 0;
		};
/* End PBXFrameworksBuildPhase section */

/* Begin PBXGroup section */
		7FBFFA75260A5C9400F5D011 = {
			isa = PBXGroup;
			children = (
				7FBFFA7A260A5C9500F5D011 /* Shared */,
				7FBFFA84260A5C9600F5D011 /* iOS */,
				7FBFFA8B260A5C9600F5D011 /* macOS */,
				7FBFFA95260A5C9700F5D011 /* Tests iOS */,
				7FBFFAA0260A5C9700F5D011 /* Tests macOS */,
				7FBFFA83260A5C9600F5D011 /* Products */,
				7FBFFABC260A5CD800F5D011 /* Frameworks */,
			);
			sourceTree = "<group>";
		};
		7FBFFA7A260A5C9500F5D011 /* Shared */ = {
			isa = PBXGroup;
			children = (
				7FBFFA7B260A5C9500F5D011 /* quantumMatricesApp.swift */,
				7FBFFA7C260A5C9500F5D011 /* ContentView.swift */,
				7FBFFA7D260A5C9600F5D011 /* Assets.xcassets */,
				7FBFFAC5260A5D4100F5D011 /* packingClass.swift */,
			);
			path = Shared;
			sourceTree = "<group>";
		};
		7FBFFA83260A5C9600F5D011 /* Products */ = {
			isa = PBXGroup;
			children = (
				7FBFFA82260A5C9600F5D011 /* quantumMatrices.app */,
				7FBFFA8A260A5C9600F5D011 /* quantumMatrices.app */,
				7FBFFA92260A5C9700F5D011 /* Tests iOS.xctest */,
				7FBFFA9D260A5C9700F5D011 /* Tests macOS.xctest */,
			);
			name = Products;
			sourceTree = "<group>";
		};
		7FBFFA84260A5C9600F5D011 /* iOS */ = {
			isa = PBXGroup;
			children = (
				7FBFFA85260A5C9600F5D011 /* Info.plist */,
			);
			path = iOS;
			sourceTree = "<group>";
		};
		7FBFFA8B260A5C9600F5D011 /* macOS */ = {
			isa = PBXGroup;
			children = (
				7FBFFA8C260A5C9600F5D011 /* Info.plist */,
				7FBFFA8D260A5C9600F5D011 /* macOS.entitlements */,
			);
			path = macOS;
			sourceTree = "<group>";
		};
		7FBFFA95260A5C9700F5D011 /* Tests iOS */ = {
			isa = PBXGroup;
			children = (
				7FBFFA96260A5C9700F5D011 /* Tests_iOS.swift */,
				7FBFFA98260A5C9700F5D011 /* Info.plist */,
			);
			path = "Tests iOS";
			sourceTree = "<group>";
		};
		7FBFFAA0260A5C9700F5D011 /* Tests macOS */ = {
			isa = PBXGroup;
			children = (
				7FBFFAA1260A5C9700F5D011 /* Tests_macOS.swift */,
				7FBFFAA3260A5C9700F5D011 /* Info.plist */,
			);
			path = "Tests macOS";
			sourceTree = "<group>";
		};
		7FBFFABC260A5CD800F5D011 /* Frameworks */ = {
			isa = PBXGroup;
			children = (
				7FBFFABF260A5CE300F5D011 /* Accelerate.framework */,
				7FBFFABD260A5CD800F5D011 /* Accelerate.framework */,
			);
			name = Frameworks;
			sourceTree = "<group>";
		};
/* End PBXGroup section */

/* Begin PBXNativeTarget section */
		7FBFFA81260A5C9600F5D011 /* quantumMatrices (iOS) */ = {
			isa = PBXNativeTarget;
			buildConfigurationList = 7FBFFAAC260A5C9700F5D011 /* Build configuration list for PBXNativeTarget "quantumMatrices (iOS)" */;
			buildPhases = (
				7FBFFA7E260A5C9600F5D011 /* Sources */,
				7FBFFA7F260A5C9600F5D011 /* Frameworks */,
				7FBFFA80260A5C9600F5D011 /* Resources */,
			);
			buildRules = (
			);
			dependencies = (
			);
			name = "quantumMatrices (iOS)";
			productName = "quantumMatrices (iOS)";
			productReference = 7FBFFA82260A5C9600F5D011 /* quantumMatrices.app */;
			productType = "com.apple.product-type.application";
		};
		7FBFFA89260A5C9600F5D011 /* quantumMatrices (macOS) */ = {
			isa = PBXNativeTarget;
			buildConfigurationList = 7FBFFAAF260A5C9700F5D011 /* Build configuration list for PBXNativeTarget "quantumMatrices (macOS)" */;
			buildPhases = (
				7FBFFA86260A5C9600F5D011 /* Sources */,
				7FBFFA87260A5C9600F5D011 /* Frameworks */,
				7FBFFA88260A5C9600F5D011 /* Resources */,
			);
			buildRules = (
			);
			dependencies = (
			);
			name = "quantumMatrices (macOS)";
			productName = "quantumMatrices (macOS)";
			productReference = 7FBFFA8A260A5C9600F5D011 /* quantumMatrices.app */;
			productType = "com.apple.product-type.application";
		};
		7FBFFA91260A5C9700F5D011 /* Tests iOS */ = {
			isa = PBXNativeTarget;
			buildConfigurationList = 7FBFFAB2260A5C9700F5D011 /* Build configuration list for PBXNativeTarget "Tests iOS" */;
			buildPhases = (
				7FBFFA8E260A5C9700F5D011 /* Sources */,
				7FBFFA8F260A5C9700F5D011 /* Frameworks */,
				7FBFFA90260A5C9700F5D011 /* Resources */,
			);
			buildRules = (
			);
			dependencies = (
				7FBFFA94260A5C9700F5D011 /* PBXTargetDependency */,
			);
			name = "Tests iOS";
			productName = "Tests iOS";
			productReference = 7FBFFA92260A5C9700F5D011 /* Tests iOS.xctest */;
			productType = "com.apple.product-type.bundle.ui-testing";
		};
		7FBFFA9C260A5C9700F5D011 /* Tests macOS */ = {
			isa = PBXNativeTarget;
			buildConfigurationList = 7FBFFAB5260A5C9700F5D011 /* Build configuration list for PBXNativeTarget "Tests macOS" */;
			buildPhases = (
				7FBFFA99260A5C9700F5D011 /* Sources */,
				7FBFFA9A260A5C9700F5D011 /* Frameworks */,
				7FBFFA9B260A5C9700F5D011 /* Resources */,
			);
			buildRules = (
			);
			dependencies = (
				7FBFFA9F260A5C9700F5D011 /* PBXTargetDependency */,
			);
			name = "Tests macOS";
			productName = "Tests macOS";
			productReference = 7FBFFA9D260A5C9700F5D011 /* Tests macOS.xctest */;
			productType = "com.apple.product-type.bundle.ui-testing";
		};
/* End PBXNativeTarget section */

/* Begin PBXProject section */
		7FBFFA76260A5C9400F5D011 /* Project object */ = {
			isa = PBXProject;
			attributes = {
				LastSwiftUpdateCheck = 1240;
				LastUpgradeCheck = 1240;
				TargetAttributes = {
					7FBFFA81260A5C9600F5D011 = {
						CreatedOnToolsVersion = 12.4;
					};
					7FBFFA89260A5C9600F5D011 = {
						CreatedOnToolsVersion = 12.4;
					};
					7FBFFA91260A5C9700F5D011 = {
						CreatedOnToolsVersion = 12.4;
						TestTargetID = 7FBFFA81260A5C9600F5D011;
					};
					7FBFFA9C260A5C9700F5D011 = {
						CreatedOnToolsVersion = 12.4;
						TestTargetID = 7FBFFA89260A5C9600F5D011;
					};
				};
			};
			buildConfigurationList = 7FBFFA79260A5C9400F5D011 /* Build configuration list for PBXProject "quantumMatrices" */;
			compatibilityVersion = "Xcode 9.3";
			developmentRegion = en;
			hasScannedForEncodings = 0;
			knownRegions = (
				en,
				Base,
			);
			mainGroup = 7FBFFA75260A5C9400F5D011;
			productRefGroup = 7FBFFA83260A5C9600F5D011 /* Products */;
			projectDirPath = "";
			projectRoot = "";
			targets = (
				7FBFFA81260A5C9600F5D011 /* quantumMatrices (iOS) */,
				7FBFFA89260A5C9600F5D011 /* quantumMatrices (macOS) */,
				7FBFFA91260A5C9700F5D011 /* Tests iOS */,
				7FBFFA9C260A5C9700F5D011 /* Tests macOS */,
			);
		};
/* End PBXProject section */

/* Begin PBXResourcesBuildPhase section */
		7FBFFA80260A5C9600F5D011 /* Resources */ = {
			isa = PBXResourcesBuildPhase;
			buildActionMask = 2147483647;
			files = (
				7FBFFAA8260A5C9700F5D011 /* Assets.xcassets in Resources */,
			);
			runOnlyForDeploymentPostprocessing = 0;
		};
		7FBFFA88260A5C9600F5D011 /* Resources */ = {
			isa = PBXResourcesBuildPhase;
			buildActionMask = 2147483647;
			files = (
				7FBFFAA9260A5C9700F5D011 /* Assets.xcassets in Resources */,
			);
			runOnlyForDeploymentPostprocessing = 0;
		};
		7FBFFA90260A5C9700F5D011 /* Resources */ = {
			isa = PBXResourcesBuildPhase;
			buildActionMask = 2147483647;
			files = (
			);
			runOnlyForDeploymentPostprocessing = 0;
		};
		7FBFFA9B260A5C9700F5D011 /* Resources */ = {
			isa = PBXResourcesBuildPhase;
			buildActionMask = 2147483647;
			files = (
			);
			runOnlyForDeploymentPostprocessing = 0;
		};
/* End PBXResourcesBuildPhase section */

/* Begin PBXSourcesBuildPhase section */
		7FBFFA7E260A5C9600F5D011 /* Sources */ = {
			isa = PBXSourcesBuildPhase;
			buildActionMask = 2147483647;
			files = (
				7FBFFAA6260A5C9700F5D011 /* ContentView.swift in Sources */,
				7FBFFAA4260A5C9700F5D011 /* quantumMatricesApp.swift in Sources */,
				7FBFFAC6260A5D4100F5D011 /* packingClass.swift in Sources */,
			);
			runOnlyForDeploymentPostprocessing = 0;
		};
		7FBFFA86260A5C9600F5D011 /* Sources */ = {
			isa = PBXSourcesBuildPhase;
			buildActionMask = 2147483647;
			files = (
				7FBFFAA7260A5C9700F5D011 /* ContentView.swift in Sources */,
				7FBFFAA5260A5C9700F5D011 /* quantumMatricesApp.swift in Sources */,
				7FBFFAC7260A5D4100F5D011 /* packingClass.swift in Sources */,
			);
			runOnlyForDeploymentPostprocessing = 0;
		};
		7FBFFA8E260A5C9700F5D011 /* Sources */ = {
			isa = PBXSourcesBuildPhase;
			buildActionMask = 2147483647;
			files = (
				7FBFFAC8260A5D4100F5D011 /* packingClass.swift in Sources */,
				7FBFFA97260A5C9700F5D011 /* Tests_iOS.swift in Sources */,
				7FBFFACE260A5E3B00F5D011 /* ContentView.swift in Sources */,
				7FBFFAD8260A5E4900F5D011 /* quantumMatricesApp.swift in Sources */,
			);
			runOnlyForDeploymentPostprocessing = 0;
		};
		7FBFFA99260A5C9700F5D011 /* Sources */ = {
			isa = PBXSourcesBuildPhase;
			buildActionMask = 2147483647;
			files = (
				7FBFFAC9260A5D4100F5D011 /* packingClass.swift in Sources */,
				7FBFFAA2260A5C9700F5D011 /* Tests_macOS.swift in Sources */,
				7FBFFAD3260A5E3C00F5D011 /* ContentView.swift in Sources */,
				7FBFFADD260A5E4900F5D011 /* quantumMatricesApp.swift in Sources */,
			);
			runOnlyForDeploymentPostprocessing = 0;
		};
/* End PBXSourcesBuildPhase section */

/* Begin PBXTargetDependency section */
		7FBFFA94260A5C9700F5D011 /* PBXTargetDependency */ = {
			isa = PBXTargetDependency;
			target = 7FBFFA81260A5C9600F5D011 /* quantumMatrices (iOS) */;
			targetProxy = 7FBFFA93260A5C9700F5D011 /* PBXContainerItemProxy */;
		};
		7FBFFA9F260A5C9700F5D011 /* PBXTargetDependency */ = {
			isa = PBXTargetDependency;
			target = 7FBFFA89260A5C9600F5D011 /* quantumMatrices (macOS) */;
			targetProxy = 7FBFFA9E260A5C9700F5D011 /* PBXContainerItemProxy */;
		};
/* End PBXTargetDependency section */

/* Begin XCBuildConfiguration section */
		7FBFFAAA260A5C9700F5D011 /* Debug */ = {
			isa = XCBuildConfiguration;
			buildSettings = {
				ALWAYS_SEARCH_USER_PATHS = NO;
				CLANG_ANALYZER_NONNULL = YES;
				CLANG_ANALYZER_NUMBER_OBJECT_CONVERSION = YES_AGGRESSIVE;
				CLANG_CXX_LANGUAGE_STANDARD = "gnu++14";
				CLANG_CXX_LIBRARY = "libc++";
				CLANG_ENABLE_MODULES = YES;
				CLANG_ENABLE_OBJC_ARC = YES;
				CLANG_ENABLE_OBJC_WEAK = YES;
				CLANG_WARN_BLOCK_CAPTURE_AUTORELEASING = YES;
				CLANG_WARN_BOOL_CONVERSION = YES;
				CLANG_WARN_COMMA = YES;
				CLANG_WARN_CONSTANT_CONVERSION = YES;
				CLANG_WARN_DEPRECATED_OBJC_IMPLEMENTATIONS = YES;
				CLANG_WARN_DIRECT_OBJC_ISA_USAGE = YES_ERROR;
				CLANG_WARN_DOCUMENTATION_COMMENTS = YES;
				CLANG_WARN_EMPTY_BODY = YES;
				CLANG_WARN_ENUM_CONVERSION = YES;
				CLANG_WARN_INFINITE_RECURSION = YES;
				CLANG_WARN_INT_CONVERSION = YES;
				CLANG_WARN_NON_LITERAL_NULL_CONVERSION = YES;
				CLANG_WARN_OBJC_IMPLICIT_RETAIN_SELF = YES;
				CLANG_WARN_OBJC_LITERAL_CONVERSION = YES;
				CLANG_WARN_OBJC_ROOT_CLASS = YES_ERROR;
				CLANG_WARN_QUOTED_INCLUDE_IN_FRAMEWORK_HEADER = YES;
				CLANG_WARN_RANGE_LOOP_ANALYSIS = YES;
				CLANG_WARN_STRICT_PROTOTYPES = YES;
				CLANG_WARN_SUSPICIOUS_MOVE = YES;
				CLANG_WARN_UNGUARDED_AVAILABILITY = YES_AGGRESSIVE;
				CLANG_WARN_UNREACHABLE_CODE = YES;
				CLANG_WARN__DUPLICATE_METHOD_MATCH = YES;
				COPY_PHASE_STRIP = NO;
				DEBUG_INFORMATION_FORMAT = dwarf;
				ENABLE_STRICT_OBJC_MSGSEND = YES;
				ENABLE_TESTABILITY = YES;
				GCC_C_LANGUAGE_STANDARD = gnu11;
				GCC_DYNAMIC_NO_PIC = NO;
				GCC_NO_COMMON_BLOCKS = YES;
				GCC_OPTIMIZATION_LEVEL = 0;
				GCC_PREPROCESSOR_DEFINITIONS = (
					"DEBUG=1",
					"$(inherited)",
				);
				GCC_WARN_64_TO_32_BIT_CONVERSION = YES;
				GCC_WARN_ABOUT_RETURN_TYPE = YES_ERROR;
				GCC_WARN_UNDECLARED_SELECTOR = YES;
				GCC_WARN_UNINITIALIZED_AUTOS = YES_AGGRESSIVE;
				GCC_WARN_UNUSED_FUNCTION = YES;
				GCC_WARN_UNUSED_VARIABLE = YES;
				MTL_ENABLE_DEBUG_INFO = INCLUDE_SOURCE;
				MTL_FAST_MATH = YES;
				ONLY_ACTIVE_ARCH = YES;
				SWIFT_ACTIVE_COMPILATION_CONDITIONS = DEBUG;
				SWIFT_OPTIMIZATION_LEVEL = "-Onone";
			};
			name = Debug;
		};
		7FBFFAAB260A5C9700F5D011 /* Release */ = {
			isa = XCBuildConfiguration;
			buildSettings = {
				ALWAYS_SEARCH_USER_PATHS = NO;
				CLANG_ANALYZER_NONNULL = YES;
				CLANG_ANALYZER_NUMBER_OBJECT_CONVERSION = YES_AGGRESSIVE;
				CLANG_CXX_LANGUAGE_STANDARD = "gnu++14";
				CLANG_CXX_LIBRARY = "libc++";
				CLANG_ENABLE_MODULES = YES;
				CLANG_ENABLE_OBJC_ARC = YES;
				CLANG_ENABLE_OBJC_WEAK = YES;
				CLANG_WARN_BLOCK_CAPTURE_AUTORELEASING = YES;
				CLANG_WARN_BOOL_CONVERSION = YES;
				CLANG_WARN_COMMA = YES;
				CLANG_WARN_CONSTANT_CONVERSION = YES;
				CLANG_WARN_DEPRECATED_OBJC_IMPLEMENTATIONS = YES;
				CLANG_WARN_DIRECT_OBJC_ISA_USAGE = YES_ERROR;
				CLANG_WARN_DOCUMENTATION_COMMENTS = YES;
				CLANG_WARN_EMPTY_BODY = YES;
				CLANG_WARN_ENUM_CONVERSION = YES;
				CLANG_WARN_INFINITE_RECURSION = YES;
				CLANG_WARN_INT_CONVERSION = YES;
				CLANG_WARN_NON_LITERAL_NULL_CONVERSION = YES;
				CLANG_WARN_OBJC_IMPLICIT_RETAIN_SELF = YES;
				CLANG_WARN_OBJC_LITERAL_CONVERSION = YES;
				CLANG_WARN_OBJC_ROOT_CLASS = YES_ERROR;
				CLANG_WARN_QUOTED_INCLUDE_IN_FRAMEWORK_HEADER = YES;
				CLANG_WARN_RANGE_LOOP_ANALYSIS = YES;
				CLANG_WARN_STRICT_PROTOTYPES = YES;
				CLANG_WARN_SUSPICIOUS_MOVE = YES;
				CLANG_WARN_UNGUARDED_AVAILABILITY = YES_AGGRESSIVE;
				CLANG_WARN_UNREACHABLE_CODE = YES;
				CLANG_WARN__DUPLICATE_METHOD_MATCH = YES;
				COPY_PHASE_STRIP = NO;
				DEBUG_INFORMATION_FORMAT = "dwarf-with-dsym";
				ENABLE_NS_ASSERTIONS = NO;
				ENABLE_STRICT_OBJC_MSGSEND = YES;
				GCC_C_LANGUAGE_STANDARD = gnu11;
				GCC_NO_COMMON_BLOCKS = YES;
				GCC_WARN_64_TO_32_BIT_CONVERSION = YES;
				GCC_WARN_ABOUT_RETURN_TYPE = YES_ERROR;
				GCC_WARN_UNDECLARED_SELECTOR = YES;
				GCC_WARN_UNINITIALIZED_AUTOS = YES_AGGRESSIVE;
				GCC_WARN_UNUSED_FUNCTION = YES;
				GCC_WARN_UNUSED_VARIABLE = YES;
				MTL_ENABLE_DEBUG_INFO = NO;
				MTL_FAST_MATH = YES;
				SWIFT_COMPILATION_MODE = wholemodule;
				SWIFT_OPTIMIZATION_LEVEL = "-O";
			};
			name = Release;
		};
		7FBFFAAD260A5C9700F5D011 /* Debug */ = {
			isa = XCBuildConfiguration;
			buildSettings = {
				ASSETCATALOG_COMPILER_APPICON_NAME = AppIcon;
				ASSETCATALOG_COMPILER_GLOBAL_ACCENT_COLOR_NAME = AccentColor;
				CODE_SIGN_STYLE = Automatic;
				DEVELOPMENT_TEAM = 3FRW7Z34LU;
				ENABLE_PREVIEWS = YES;
				INFOPLIST_FILE = iOS/Info.plist;
				IPHONEOS_DEPLOYMENT_TARGET = 14.0;
				LD_RUNPATH_SEARCH_PATHS = (
					"$(inherited)",
					"@executable_path/Frameworks",
				);
				PRODUCT_BUNDLE_IDENTIFIER = com.MAiit.quantumMatrices;
				PRODUCT_NAME = quantumMatrices;
				SDKROOT = iphoneos;
				SWIFT_VERSION = 5.0;
				TARGETED_DEVICE_FAMILY = "1,2";
			};
			name = Debug;
		};
		7FBFFAAE260A5C9700F5D011 /* Release */ = {
			isa = XCBuildConfiguration;
			buildSettings = {
				ASSETCATALOG_COMPILER_APPICON_NAME = AppIcon;
				ASSETCATALOG_COMPILER_GLOBAL_ACCENT_COLOR_NAME = AccentColor;
				CODE_SIGN_STYLE = Automatic;
				DEVELOPMENT_TEAM = 3FRW7Z34LU;
				ENABLE_PREVIEWS = YES;
				INFOPLIST_FILE = iOS/Info.plist;
				IPHONEOS_DEPLOYMENT_TARGET = 14.0;
				LD_RUNPATH_SEARCH_PATHS = (
					"$(inherited)",
					"@executable_path/Frameworks",
				);
				PRODUCT_BUNDLE_IDENTIFIER = com.MAiit.quantumMatrices;
				PRODUCT_NAME = quantumMatrices;
				SDKROOT = iphoneos;
				SWIFT_VERSION = 5.0;
				TARGETED_DEVICE_FAMILY = "1,2";
				VALIDATE_PRODUCT = YES;
			};
			name = Release;
		};
		7FBFFAB0260A5C9700F5D011 /* Debug */ = {
			isa = XCBuildConfiguration;
			buildSettings = {
				ASSETCATALOG_COMPILER_APPICON_NAME = AppIcon;
				ASSETCATALOG_COMPILER_GLOBAL_ACCENT_COLOR_NAME = AccentColor;
				CODE_SIGN_ENTITLEMENTS = macOS/macOS.entitlements;
				CODE_SIGN_STYLE = Automatic;
				COMBINE_HIDPI_IMAGES = YES;
				DEVELOPMENT_TEAM = 3FRW7Z34LU;
				ENABLE_HARDENED_RUNTIME = YES;
				ENABLE_PREVIEWS = YES;
				INFOPLIST_FILE = macOS/Info.plist;
				LD_RUNPATH_SEARCH_PATHS = (
					"$(inherited)",
					"@executable_path/../Frameworks",
				);
				MACOSX_DEPLOYMENT_TARGET = 11.0;
				PRODUCT_BUNDLE_IDENTIFIER = com.MAiit.quantumMatrices;
				PRODUCT_NAME = quantumMatrices;
				SDKROOT = macosx;
				SWIFT_VERSION = 5.0;
			};
			name = Debug;
		};
		7FBFFAB1260A5C9700F5D011 /* Release */ = {
			isa = XCBuildConfiguration;
			buildSettings = {
				ASSETCATALOG_COMPILER_APPICON_NAME = AppIcon;
				ASSETCATALOG_COMPILER_GLOBAL_ACCENT_COLOR_NAME = AccentColor;
				CODE_SIGN_ENTITLEMENTS = macOS/macOS.entitlements;
				CODE_SIGN_STYLE = Automatic;
				COMBINE_HIDPI_IMAGES = YES;
				DEVELOPMENT_TEAM = 3FRW7Z34LU;
				ENABLE_HARDENED_RUNTIME = YES;
				ENABLE_PREVIEWS = YES;
				INFOPLIST_FILE = macOS/Info.plist;
				LD_RUNPATH_SEARCH_PATHS = (
					"$(inherited)",
					"@executable_path/../Frameworks",
				);
				MACOSX_DEPLOYMENT_TARGET = 11.0;
				PRODUCT_BUNDLE_IDENTIFIER = com.MAiit.quantumMatrices;
				PRODUCT_NAME = quantumMatrices;
				SDKROOT = macosx;
				SWIFT_VERSION = 5.0;
			};
			name = Release;
		};
		7FBFFAB3260A5C9700F5D011 /* Debug */ = {
			isa = XCBuildConfiguration;
			buildSettings = {
				ALWAYS_EMBED_SWIFT_STANDARD_LIBRARIES = YES;
				CODE_SIGN_STYLE = Automatic;
				DEVELOPMENT_TEAM = 3FRW7Z34LU;
				INFOPLIST_FILE = "Tests iOS/Info.plist";
				IPHONEOS_DEPLOYMENT_TARGET = 14.4;
				LD_RUNPATH_SEARCH_PATHS = (
					"$(inherited)",
					"@executable_path/Frameworks",
					"@loader_path/Frameworks",
				);
				PRODUCT_BUNDLE_IDENTIFIER = "com.MAiit.Tests-iOS";
				PRODUCT_NAME = "$(TARGET_NAME)";
				SDKROOT = iphoneos;
				SWIFT_VERSION = 5.0;
				TARGETED_DEVICE_FAMILY = "1,2";
				TEST_TARGET_NAME = "quantumMatrices (iOS)";
			};
			name = Debug;
		};
		7FBFFAB4260A5C9700F5D011 /* Release */ = {
			isa = XCBuildConfiguration;
			buildSettings = {
				ALWAYS_EMBED_SWIFT_STANDARD_LIBRARIES = YES;
				CODE_SIGN_STYLE = Automatic;
				DEVELOPMENT_TEAM = 3FRW7Z34LU;
				INFOPLIST_FILE = "Tests iOS/Info.plist";
				IPHONEOS_DEPLOYMENT_TARGET = 14.4;
				LD_RUNPATH_SEARCH_PATHS = (
					"$(inherited)",
					"@executable_path/Frameworks",
					"@loader_path/Frameworks",
				);
				PRODUCT_BUNDLE_IDENTIFIER = "com.MAiit.Tests-iOS";
				PRODUCT_NAME = "$(TARGET_NAME)";
				SDKROOT = iphoneos;
				SWIFT_VERSION = 5.0;
				TARGETED_DEVICE_FAMILY = "1,2";
				TEST_TARGET_NAME = "quantumMatrices (iOS)";
				VALIDATE_PRODUCT = YES;
			};
			name = Release;
		};
		7FBFFAB6260A5C9700F5D011 /* Debug */ = {
			isa = XCBuildConfiguration;
			buildSettings = {
				ALWAYS_EMBED_SWIFT_STANDARD_LIBRARIES = YES;
				CODE_SIGN_STYLE = Automatic;
				COMBINE_HIDPI_IMAGES = YES;
				DEVELOPMENT_TEAM = 3FRW7Z34LU;
				INFOPLIST_FILE = "Tests macOS/Info.plist";
				LD_RUNPATH_SEARCH_PATHS = (
					"$(inherited)",
					"@executable_path/../Frameworks",
					"@loader_path/../Frameworks",
				);
				MACOSX_DEPLOYMENT_TARGET = 11.1;
				PRODUCT_BUNDLE_IDENTIFIER = "com.MAiit.Tests-macOS";
				PRODUCT_NAME = "$(TARGET_NAME)";
				SDKROOT = macosx;
				SWIFT_VERSION = 5.0;
				TEST_TARGET_NAME = "quantumMatrices (macOS)";
			};
			name = Debug;
		};
		7FBFFAB7260A5C9700F5D011 /* Release */ = {
			isa = XCBuildConfiguration;
			buildSettings = {
				ALWAYS_EMBED_SWIFT_STANDARD_LIBRARIES = YES;
				CODE_SIGN_STYLE = Automatic;
				COMBINE_HIDPI_IMAGES = YES;
				DEVELOPMENT_TEAM = 3FRW7Z34LU;
				INFOPLIST_FILE = "Tests macOS/Info.plist";
				LD_RUNPATH_SEARCH_PATHS = (
					"$(inherited)",
					"@executable_path/../Frameworks",
					"@loader_path/../Frameworks",
				);
				MACOSX_DEPLOYMENT_TARGET = 11.1;
				PRODUCT_BUNDLE_IDENTIFIER = "com.MAiit.Tests-macOS";
				PRODUCT_NAME = "$(TARGET_NAME)";
				SDKROOT = macosx;
				SWIFT_VERSION = 5.0;
				TEST_TARGET_NAME = "quantumMatrices (macOS)";
			};
			name = Release;
		};
/* End XCBuildConfiguration section */

/* Begin XCConfigurationList section */
		7FBFFA79260A5C9400F5D011 /* Build configuration list for PBXProject "quantumMatrices" */ = {
			isa = XCConfigurationList;
			buildConfigurations = (
				7FBFFAAA260A5C9700F5D011 /* Debug */,
				7FBFFAAB260A5C9700F5D011 /* Release */,
			);
			defaultConfigurationIsVisible = 0;
			defaultConfigurationName = Release;
		};
		7FBFFAAC260A5C9700F5D011 /* Build configuration list for PBXNativeTarget "quantumMatrices (iOS)" */ = {
			isa = XCConfigurationList;
			buildConfigurations = (
				7FBFFAAD260A5C9700F5D011 /* Debug */,
				7FBFFAAE260A5C9700F5D011 /* Release */,
			);
			defaultConfigurationIsVisible = 0;
			defaultConfigurationName = Release;
		};
		7FBFFAAF260A5C9700F5D011 /* Build configuration list for PBXNativeTarget "quantumMatrices (macOS)" */ = {
			isa = XCConfigurationList;
			buildConfigurations = (
				7FBFFAB0260A5C9700F5D011 /* Debug */,
				7FBFFAB1260A5C9700F5D011 /* Release */,
			);
			defaultConfigurationIsVisible = 0;
			defaultConfigurationName = Release;
		};
		7FBFFAB2260A5C9700F5D011 /* Build configuration list for PBXNativeTarget "Tests iOS" */ = {
			isa = XCConfigurationList;
			buildConfigurations = (
				7FBFFAB3260A5C9700F5D011 /* Debug */,
				7FBFFAB4260A5C9700F5D011 /* Release */,
			);
			defaultConfigurationIsVisible = 0;
			defaultConfigurationName = Release;
		};
		7FBFFAB5260A5C9700F5D011 /* Build configuration list for PBXNativeTarget "Tests macOS" */ = {
			isa = XCConfigurationList;
			buildConfigurations = (
				7FBFFAB6260A5C9700F5D011 /* Debug */,
				7FBFFAB7260A5C9700F5D011 /* Release */,
			);
			defaultConfigurationIsVisible = 0;
			defaultConfigurationName = Release;
		};
/* End XCConfigurationList section */
	};
	rootObject = 7FBFFA76260A5C9400F5D011 /* Project object */;
}
